
Microsoft Visual Studio Solution File, Format Version 12.00
# Visual Studio 15
VisualStudioVersion = 15.0.28307.489
MinimumVisualStudioVersion = 10.0.40219.1
Project("{FAE04EC0-301F-11D3-BF4B-00C04F79EFBC}") = "ZC.Xamarin.Material.Components.Android", "ZC.Xamarin.Material.Components.Android\ZC.Xamarin.Material.Components.Android.csproj", "{4C8A0CF6-0B54-4453-A493-F76946237566}"
EndProject
Global
	GlobalSection(SolutionConfigurationPlatforms) = preSolution
		Debug|Any CPU = Debug|Any CPU
		Release|Any CPU = Release|Any CPU
	EndGlobalSection
	GlobalSection(ProjectConfigurationPlatforms) = postSolution
		{4C8A0CF6-0B54-4453-A493-F76946237566}.Debug|Any CPU.ActiveCfg = Debug|Any CPU
		{4C8A0CF6-0B54-4453-A493-F76946237566}.Debug|Any CPU.Build.0 = Debug|Any CPU
		{4C8A0CF6-0B54-4453-A493-F76946237566}.Release|Any CPU.ActiveCfg = Release|Any CPU
		{4C8A0CF6-0B54-4453-A493-F76946237566}.Release|Any CPU.Build.0 = Release|Any CPU
	EndGlobalSection
	GlobalSection(SolutionProperties) = preSolution
		HideSolutionNode = FALSE
	EndGlobalSection
	GlobalSection(ExtensibilityGlobals) = postSolution
		SolutionGuid = {8EAC10C1-96DC-4C0B-9EDE-B50869B99601}
	EndGlobalSection
EndGlobal
